
Microsoft Visual Studio Solution File, Format Version 12.00
# Visual Studio Version 17
VisualStudioVersion = 17.8.34330.188
MinimumVisualStudioVersion = 10.0.40219.1
Project("{FAE04EC0-301F-11D3-BF4B-00C04F79EFBC}") = "home_work_28.12", "home_work_28.12\home_work_28.12.csproj", "{69E59686-AC23-48D5-8CB5-5C53093B26EE}"
EndProject
Global
	GlobalSection(SolutionConfigurationPlatforms) = preSolution
		Debug|Any CPU = Debug|Any CPU
		Release|Any CPU = Release|Any CPU
	EndGlobalSection
	GlobalSection(ProjectConfigurationPlatforms) = postSolution
		{69E59686-AC23-48D5-8CB5-5C53093B26EE}.Debug|Any CPU.ActiveCfg = Debug|Any CPU
		{69E59686-AC23-48D5-8CB5-5C53093B26EE}.Debug|Any CPU.Build.0 = Debug|Any CPU
		{69E59686-AC23-48D5-8CB5-5C53093B26EE}.Release|Any CPU.ActiveCfg = Release|Any CPU
		{69E59686-AC23-48D5-8CB5-5C53093B26EE}.Release|Any CPU.Build.0 = Release|Any CPU
	EndGlobalSection
	GlobalSection(SolutionProperties) = preSolution
		HideSolutionNode = FALSE
	EndGlobalSection
	GlobalSection(ExtensibilityGlobals) = postSolution
		SolutionGuid = {4DF778D0-4E9E-4B4E-B8F7-2FA014FE867A}
	EndGlobalSection
EndGlobal
